
Microsoft Visual Studio Solution File, Format Version 12.00
# Visual Studio Version 16
VisualStudioVersion = 16.0.31424.327
MinimumVisualStudioVersion = 10.0.40219.1
Project("{FAE04EC0-301F-11D3-BF4B-00C04F79EFBC}") = "WebAppMvcDupla", "WebAppMvcDupla\WebAppMvcDupla.csproj", "{90E5B424-4493-4C26-BD0A-CDE013F78142}"
EndProject
Global
	GlobalSection(SolutionConfigurationPlatforms) = preSolution
		Debug|Any CPU = Debug|Any CPU
		Release|Any CPU = Release|Any CPU
	EndGlobalSection
	GlobalSection(ProjectConfigurationPlatforms) = postSolution
		{90E5B424-4493-4C26-BD0A-CDE013F78142}.Debug|Any CPU.ActiveCfg = Debug|Any CPU
		{90E5B424-4493-4C26-BD0A-CDE013F78142}.Debug|Any CPU.Build.0 = Debug|Any CPU
		{90E5B424-4493-4C26-BD0A-CDE013F78142}.Release|Any CPU.ActiveCfg = Release|Any CPU
		{90E5B424-4493-4C26-BD0A-CDE013F78142}.Release|Any CPU.Build.0 = Release|Any CPU
	EndGlobalSection
	GlobalSection(SolutionProperties) = preSolution
		HideSolutionNode = FALSE
	EndGlobalSection
	GlobalSection(ExtensibilityGlobals) = postSolution
		SolutionGuid = {F090AB34-EE32-4BB8-9D8D-577A92F65047}
	EndGlobalSection
EndGlobal
